
Microsoft Visual Studio Solution File, Format Version 12.00
# Visual Studio Version 17
VisualStudioVersion = 17.14.36623.8 d17.14
MinimumVisualStudioVersion = 10.0.40219.1
Project("{FAE04EC0-301F-11D3-BF4B-00C04F79EFBC}") = "FolderCopyService", "ServiceFolderCopy\FolderCopyService.csproj", "{CDB0AF26-A6A3-DF56-8C2F-4FCB07D6D3AB}"
EndProject
Project("{FAE04EC0-301F-11D3-BF4B-00C04F79EFBC}") = "FolderCopyServiceInstall", "FolderCopyServiceInstall\FolderCopyServiceInstall.csproj", "{B52A6820-DBD8-4A78-9E8F-5452740D9A43}"
EndProject
Global
	GlobalSection(SolutionConfigurationPlatforms) = preSolution
		Debug|Any CPU = Debug|Any CPU
		Release|Any CPU = Release|Any CPU
	EndGlobalSection
	GlobalSection(ProjectConfigurationPlatforms) = postSolution
		{CDB0AF26-A6A3-DF56-8C2F-4FCB07D6D3AB}.Debug|Any CPU.ActiveCfg = Debug|Any CPU
		{CDB0AF26-A6A3-DF56-8C2F-4FCB07D6D3AB}.Debug|Any CPU.Build.0 = Debug|Any CPU
		{CDB0AF26-A6A3-DF56-8C2F-4FCB07D6D3AB}.Release|Any CPU.ActiveCfg = Release|Any CPU
		{CDB0AF26-A6A3-DF56-8C2F-4FCB07D6D3AB}.Release|Any CPU.Build.0 = Release|Any CPU
		{B52A6820-DBD8-4A78-9E8F-5452740D9A43}.Debug|Any CPU.ActiveCfg = Debug|Any CPU
		{B52A6820-DBD8-4A78-9E8F-5452740D9A43}.Debug|Any CPU.Build.0 = Debug|Any CPU
		{B52A6820-DBD8-4A78-9E8F-5452740D9A43}.Release|Any CPU.ActiveCfg = Release|Any CPU
		{B52A6820-DBD8-4A78-9E8F-5452740D9A43}.Release|Any CPU.Build.0 = Release|Any CPU
	EndGlobalSection
	GlobalSection(SolutionProperties) = preSolution
		HideSolutionNode = FALSE
	EndGlobalSection
	GlobalSection(ExtensibilityGlobals) = postSolution
		SolutionGuid = {007B2B64-49A9-4414-8261-529377403259}
	EndGlobalSection
EndGlobal
